// !$*UTF8*$!
{
	archiveVersion = 1;
	classes = {
	};
	objectVersion = 46;
	objects = {

/* Begin PBXBuildFile section */
		C56A03421C60BDA00043FE10 /* Info.plist in Resources */ = {isa = PBXBuildFile; fileRef = C56A032C1C60BDA00043FE10 /* Info.plist */; };
		C56A03431C60BDA00043FE10 /* KSAppDelegate.m in Sources */ = {isa = PBXBuildFile; fileRef = C56A032E1C60BDA00043FE10 /* KSAppDelegate.m */; };
		C56A03441C60BDA00043FE10 /* main.m in Sources */ = {isa = PBXBuildFile; fileRef = C56A03301C60BDA00043FE10 /* main.m */; };
		C56A03451C60BDA00043FE10 /* Assets.xcassets in Resources */ = {isa = PBXBuildFile; fileRef = C56A03321C60BDA00043FE10 /* Assets.xcassets */; };
		C56A03461C60BDA00043FE10 /* LaunchScreen.storyboard in Resources */ = {isa = PBXBuildFile; fileRef = C56A03331C60BDA00043FE10 /* LaunchScreen.storyboard */; };
		C56A03481C60BDA00043FE10 /* KSSquareView.m in Sources */ = {isa = PBXBuildFile; fileRef = C56A033E1C60BDA00043FE10 /* KSSquareView.m */; };
		C56A03491C60BDA00043FE10 /* KSSquareView.xib in Resources */ = {isa = PBXBuildFile; fileRef = C56A033F1C60BDA00043FE10 /* KSSquareView.xib */; };
		C56A034A1C60BDA00043FE10 /* KSSquareViewController.m in Sources */ = {isa = PBXBuildFile; fileRef = C56A03411C60BDA00043FE10 /* KSSquareViewController.m */; };
		C56A034E1C60BF290043FE10 /* UIWindow+KSExtensions.m in Sources */ = {isa = PBXBuildFile; fileRef = C56A034D1C60BF290043FE10 /* UIWindow+KSExtensions.m */; };
		C5A035591C63670E003BCAFD /* UIViewController+KSExtensions.m in Sources */ = {isa = PBXBuildFile; fileRef = C5A035581C63670E003BCAFD /* UIViewController+KSExtensions.m */; };
		C5A0355D1C63714D003BCAFD /* CGGeometry+KSExtensions.m in Sources */ = {isa = PBXBuildFile; fileRef = C5A0355C1C63714D003BCAFD /* CGGeometry+KSExtensions.m */; };
/* End PBXBuildFile section */

/* Begin PBXFileReference section */
		C5052C1F1C5A48130002B214 /* KSProjectUI.app */ = {isa = PBXFileReference; explicitFileType = wrapper.application; includeInIndex = 0; path = KSProjectUI.app; sourceTree = BUILT_PRODUCTS_DIR; };
		C56A032C1C60BDA00043FE10 /* Info.plist */ = {isa = PBXFileReference; fileEncoding = 4; lastKnownFileType = text.plist.xml; path = Info.plist; sourceTree = "<group>"; };
		C56A032D1C60BDA00043FE10 /* KSAppDelegate.h */ = {isa = PBXFileReference; fileEncoding = 4; lastKnownFileType = sourcecode.c.h; path = KSAppDelegate.h; sourceTree = "<group>"; };
		C56A032E1C60BDA00043FE10 /* KSAppDelegate.m */ = {isa = PBXFileReference; fileEncoding = 4; lastKnownFileType = sourcecode.c.objc; path = KSAppDelegate.m; sourceTree = "<group>"; };
		C56A032F1C60BDA00043FE10 /* KSPrefixHeader.pch */ = {isa = PBXFileReference; fileEncoding = 4; lastKnownFileType = sourcecode.c.h; path = KSPrefixHeader.pch; sourceTree = "<group>"; };
		C56A03301C60BDA00043FE10 /* main.m */ = {isa = PBXFileReference; fileEncoding = 4; lastKnownFileType = sourcecode.c.objc; path = main.m; sourceTree = "<group>"; };
		C56A03321C60BDA00043FE10 /* Assets.xcassets */ = {isa = PBXFileReference; lastKnownFileType = folder.assetcatalog; path = Assets.xcassets; sourceTree = "<group>"; };
		C56A03341C60BDA00043FE10 /* Base */ = {isa = PBXFileReference; lastKnownFileType = file.storyboard; name = Base; path = Base.lproj/LaunchScreen.storyboard; sourceTree = "<group>"; };
		C56A033D1C60BDA00043FE10 /* KSSquareView.h */ = {isa = PBXFileReference; fileEncoding = 4; lastKnownFileType = sourcecode.c.h; path = KSSquareView.h; sourceTree = "<group>"; };
		C56A033E1C60BDA00043FE10 /* KSSquareView.m */ = {isa = PBXFileReference; fileEncoding = 4; lastKnownFileType = sourcecode.c.objc; path = KSSquareView.m; sourceTree = "<group>"; };
		C56A033F1C60BDA00043FE10 /* KSSquareView.xib */ = {isa = PBXFileReference; fileEncoding = 4; lastKnownFileType = file.xib; path = KSSquareView.xib; sourceTree = "<group>"; };
		C56A03401C60BDA00043FE10 /* KSSquareViewController.h */ = {isa = PBXFileReference; fileEncoding = 4; lastKnownFileType = sourcecode.c.h; path = KSSquareViewController.h; sourceTree = "<group>"; };
		C56A03411C60BDA00043FE10 /* KSSquareViewController.m */ = {isa = PBXFileReference; fileEncoding = 4; lastKnownFileType = sourcecode.c.objc; path = KSSquareViewController.m; sourceTree = "<group>"; };
		C56A034C1C60BF290043FE10 /* UIWindow+KSExtensions.h */ = {isa = PBXFileReference; fileEncoding = 4; lastKnownFileType = sourcecode.c.h; path = "UIWindow+KSExtensions.h"; sourceTree = "<group>"; };
		C56A034D1C60BF290043FE10 /* UIWindow+KSExtensions.m */ = {isa = PBXFileReference; fileEncoding = 4; lastKnownFileType = sourcecode.c.objc; path = "UIWindow+KSExtensions.m"; sourceTree = "<group>"; };
		C56A03501C60CB7D0043FE10 /* KSMacro.h */ = {isa = PBXFileReference; lastKnownFileType = sourcecode.c.h; path = KSMacro.h; sourceTree = "<group>"; };
		C5A035511C636398003BCAFD /* CGGeometry+KSExtensions.h */ = {isa = PBXFileReference; lastKnownFileType = sourcecode.c.h; path = "CGGeometry+KSExtensions.h"; sourceTree = "<group>"; };
		C5A035521C63664E003BCAFD /* KSWeakifyMacro.h */ = {isa = PBXFileReference; lastKnownFileType = sourcecode.c.h; path = KSWeakifyMacro.h; sourceTree = "<group>"; };
		C5A035571C63670E003BCAFD /* UIViewController+KSExtensions.h */ = {isa = PBXFileReference; fileEncoding = 4; lastKnownFileType = sourcecode.c.h; path = "UIViewController+KSExtensions.h"; sourceTree = "<group>"; };
		C5A035581C63670E003BCAFD /* UIViewController+KSExtensions.m */ = {isa = PBXFileReference; fileEncoding = 4; lastKnownFileType = sourcecode.c.objc; path = "UIViewController+KSExtensions.m"; sourceTree = "<group>"; };
		C5A0355C1C63714D003BCAFD /* CGGeometry+KSExtensions.m */ = {isa = PBXFileReference; fileEncoding = 4; lastKnownFileType = sourcecode.c.objc; path = "CGGeometry+KSExtensions.m"; sourceTree = "<group>"; };
/* End PBXFileReference section */

/* Begin PBXFrameworksBuildPhase section */
		C5052C1C1C5A48130002B214 /* Frameworks */ = {
			isa = PBXFrameworksBuildPhase;
			buildActionMask = 2147483647;
			files = (
			);
			runOnlyForDeploymentPostprocessing = 0;
		};
/* End PBXFrameworksBuildPhase section */

/* Begin PBXGroup section */
		C5052C161C5A48130002B214 = {
			isa = PBXGroup;
			children = (
				C5052C201C5A48130002B214 /* Products */,
				C56A032B1C60BDA00043FE10 /* KSProjectUI */,
				C56A03311C60BDA00043FE10 /* Resources */,
				C56A03351C60BDA00043FE10 /* Source */,
			);
			sourceTree = "<group>";
		};
		C5052C201C5A48130002B214 /* Products */ = {
			isa = PBXGroup;
			children = (
				C5052C1F1C5A48130002B214 /* KSProjectUI.app */,
			);
			name = Products;
			sourceTree = "<group>";
		};
		C56A032B1C60BDA00043FE10 /* KSProjectUI */ = {
			isa = PBXGroup;
			children = (
				C56A032C1C60BDA00043FE10 /* Info.plist */,
				C56A032D1C60BDA00043FE10 /* KSAppDelegate.h */,
				C56A032E1C60BDA00043FE10 /* KSAppDelegate.m */,
				C56A032F1C60BDA00043FE10 /* KSPrefixHeader.pch */,
				C56A03301C60BDA00043FE10 /* main.m */,
			);
			path = KSProjectUI;
			sourceTree = "<group>";
		};
		C56A03311C60BDA00043FE10 /* Resources */ = {
			isa = PBXGroup;
			children = (
				C56A03321C60BDA00043FE10 /* Assets.xcassets */,
				C56A03331C60BDA00043FE10 /* LaunchScreen.storyboard */,
			);
			path = Resources;
			sourceTree = "<group>";
		};
		C56A03351C60BDA00043FE10 /* Source */ = {
			isa = PBXGroup;
			children = (
				C56A03361C60BDA00043FE10 /* Library */,
				C56A033B1C60BDA00043FE10 /* UI */,
			);
			path = Source;
			sourceTree = "<group>";
		};
		C56A03361C60BDA00043FE10 /* Library */ = {
			isa = PBXGroup;
			children = (
				C56A034F1C60CB4E0043FE10 /* Macros */,
				C56A03371C60BDA00043FE10 /* Categories */,
			);
			path = Library;
			sourceTree = "<group>";
		};
		C56A03371C60BDA00043FE10 /* Categories */ = {
			isa = PBXGroup;
			children = (
				C5A035561C63670E003BCAFD /* UIViewController+KSExtensions */,
				C5A0354F1C635C19003BCAFD /* CGGeometry+KSExtensions */,
				C56A034B1C60BF290043FE10 /* UIWindow+KSExtensions */,
			);
			path = Categories;
			sourceTree = "<group>";
		};
		C56A033B1C60BDA00043FE10 /* UI */ = {
			isa = PBXGroup;
			children = (
				C56A033C1C60BDA00043FE10 /* KSSquareViewController */,
			);
			path = UI;
			sourceTree = "<group>";
		};
		C56A033C1C60BDA00043FE10 /* KSSquareViewController */ = {
			isa = PBXGroup;
			children = (
				C56A033D1C60BDA00043FE10 /* KSSquareView.h */,
				C56A033E1C60BDA00043FE10 /* KSSquareView.m */,
				C56A033F1C60BDA00043FE10 /* KSSquareView.xib */,
				C56A03401C60BDA00043FE10 /* KSSquareViewController.h */,
				C56A03411C60BDA00043FE10 /* KSSquareViewController.m */,
			);
			path = KSSquareViewController;
			sourceTree = "<group>";
		};
		C56A034B1C60BF290043FE10 /* UIWindow+KSExtensions */ = {
			isa = PBXGroup;
			children = (
				C56A034C1C60BF290043FE10 /* UIWindow+KSExtensions.h */,
				C56A034D1C60BF290043FE10 /* UIWindow+KSExtensions.m */,
			);
			path = "UIWindow+KSExtensions";
			sourceTree = "<group>";
		};
		C56A034F1C60CB4E0043FE10 /* Macros */ = {
			isa = PBXGroup;
			children = (
				C56A03501C60CB7D0043FE10 /* KSMacro.h */,
				C5A035521C63664E003BCAFD /* KSWeakifyMacro.h */,
			);
			path = Macros;
			sourceTree = "<group>";
		};
		C5A0354F1C635C19003BCAFD /* CGGeometry+KSExtensions */ = {
			isa = PBXGroup;
			children = (
				C5A035511C636398003BCAFD /* CGGeometry+KSExtensions.h */,
				C5A0355C1C63714D003BCAFD /* CGGeometry+KSExtensions.m */,
			);
			path = "CGGeometry+KSExtensions";
			sourceTree = "<group>";
		};
		C5A035561C63670E003BCAFD /* UIViewController+KSExtensions */ = {
			isa = PBXGroup;
			children = (
				C5A035571C63670E003BCAFD /* UIViewController+KSExtensions.h */,
				C5A035581C63670E003BCAFD /* UIViewController+KSExtensions.m */,
			);
			path = "UIViewController+KSExtensions";
			sourceTree = "<group>";
		};
/* End PBXGroup section */

/* Begin PBXNativeTarget section */
		C5052C1E1C5A48130002B214 /* KSProjectUI */ = {
			isa = PBXNativeTarget;
			buildConfigurationList = C5052C361C5A48130002B214 /* Build configuration list for PBXNativeTarget "KSProjectUI" */;
			buildPhases = (
				C5052C1B1C5A48130002B214 /* Sources */,
				C5052C1C1C5A48130002B214 /* Frameworks */,
				C5052C1D1C5A48130002B214 /* Resources */,
			);
			buildRules = (
			);
			dependencies = (
			);
			name = KSProjectUI;
			productName = KSProjectUI;
			productReference = C5052C1F1C5A48130002B214 /* KSProjectUI.app */;
			productType = "com.apple.product-type.application";
		};
/* End PBXNativeTarget section */

/* Begin PBXProject section */
		C5052C171C5A48130002B214 /* Project object */ = {
			isa = PBXProject;
			attributes = {
				CLASSPREFIX = KS;
				LastUpgradeCheck = 0720;
				ORGANIZATIONNAME = "Serg Kostiuk";
				TargetAttributes = {
					C5052C1E1C5A48130002B214 = {
						CreatedOnToolsVersion = 7.2;
						DevelopmentTeam = L8389A7644;
					};
				};
			};
			buildConfigurationList = C5052C1A1C5A48130002B214 /* Build configuration list for PBXProject "KSProjectUI" */;
			compatibilityVersion = "Xcode 3.2";
			developmentRegion = English;
			hasScannedForEncodings = 0;
			knownRegions = (
				en,
				Base,
			);
			mainGroup = C5052C161C5A48130002B214;
			productRefGroup = C5052C201C5A48130002B214 /* Products */;
			projectDirPath = "";
			projectRoot = "";
			targets = (
				C5052C1E1C5A48130002B214 /* KSProjectUI */,
			);
		};
/* End PBXProject section */

/* Begin PBXResourcesBuildPhase section */
		C5052C1D1C5A48130002B214 /* Resources */ = {
			isa = PBXResourcesBuildPhase;
			buildActionMask = 2147483647;
			files = (
				C56A03461C60BDA00043FE10 /* LaunchScreen.storyboard in Resources */,
				C56A03451C60BDA00043FE10 /* Assets.xcassets in Resources */,
				C56A03421C60BDA00043FE10 /* Info.plist in Resources */,
				C56A03491C60BDA00043FE10 /* KSSquareView.xib in Resources */,
			);
			runOnlyForDeploymentPostprocessing = 0;
		};
/* End PBXResourcesBuildPhase section */

/* Begin PBXSourcesBuildPhase section */
		C5052C1B1C5A48130002B214 /* Sources */ = {
			isa = PBXSourcesBuildPhase;
			buildActionMask = 2147483647;
			files = (
				C56A034A1C60BDA00043FE10 /* KSSquareViewController.m in Sources */,
				C56A03441C60BDA00043FE10 /* main.m in Sources */,
				C5A0355D1C63714D003BCAFD /* CGGeometry+KSExtensions.m in Sources */,
				C56A03431C60BDA00043FE10 /* KSAppDelegate.m in Sources */,
				C56A034E1C60BF290043FE10 /* UIWindow+KSExtensions.m in Sources */,
				C5A035591C63670E003BCAFD /* UIViewController+KSExtensions.m in Sources */,
				C56A03481C60BDA00043FE10 /* KSSquareView.m in Sources */,
			);
			runOnlyForDeploymentPostprocessing = 0;
		};
/* End PBXSourcesBuildPhase section */

/* Begin PBXVariantGroup section */
		C56A03331C60BDA00043FE10 /* LaunchScreen.storyboard */ = {
			isa = PBXVariantGroup;
			children = (
				C56A03341C60BDA00043FE10 /* Base */,
			);
			name = LaunchScreen.storyboard;
			sourceTree = "<group>";
		};
/* End PBXVariantGroup section */

/* Begin XCBuildConfiguration section */
		C5052C341C5A48130002B214 /* Debug */ = {
			isa = XCBuildConfiguration;
			buildSettings = {
				ALWAYS_SEARCH_USER_PATHS = NO;
				CLANG_CXX_LANGUAGE_STANDARD = "gnu++0x";
				CLANG_CXX_LIBRARY = "libc++";
				CLANG_ENABLE_MODULES = YES;
				CLANG_ENABLE_OBJC_ARC = YES;
				CLANG_WARN_BOOL_CONVERSION = YES;
				CLANG_WARN_CONSTANT_CONVERSION = YES;
				CLANG_WARN_DIRECT_OBJC_ISA_USAGE = YES_ERROR;
				CLANG_WARN_EMPTY_BODY = YES;
				CLANG_WARN_ENUM_CONVERSION = YES;
				CLANG_WARN_INT_CONVERSION = YES;
				CLANG_WARN_OBJC_ROOT_CLASS = YES_ERROR;
				CLANG_WARN_UNREACHABLE_CODE = YES;
				CLANG_WARN__DUPLICATE_METHOD_MATCH = YES;
				"CODE_SIGN_IDENTITY[sdk=iphoneos*]" = "iPhone Developer";
				COPY_PHASE_STRIP = NO;
				DEBUG_INFORMATION_FORMAT = dwarf;
				ENABLE_STRICT_OBJC_MSGSEND = YES;
				ENABLE_TESTABILITY = YES;
				GCC_C_LANGUAGE_STANDARD = gnu99;
				GCC_DYNAMIC_NO_PIC = NO;
				GCC_NO_COMMON_BLOCKS = YES;
				GCC_OPTIMIZATION_LEVEL = 0;
				GCC_PREFIX_HEADER = KSProjectUI/KSPrefixHeader.pch;
				GCC_PREPROCESSOR_DEFINITIONS = (
					"DEBUG=1",
					"$(inherited)",
				);
				GCC_WARN_64_TO_32_BIT_CONVERSION = YES;
				GCC_WARN_ABOUT_RETURN_TYPE = YES_ERROR;
				GCC_WARN_SHADOW = YES;
				GCC_WARN_UNDECLARED_SELECTOR = YES;
				GCC_WARN_UNINITIALIZED_AUTOS = YES_AGGRESSIVE;
				GCC_WARN_UNUSED_FUNCTION = YES;
				GCC_WARN_UNUSED_VARIABLE = YES;
				IPHONEOS_DEPLOYMENT_TARGET = 9.2;
				MTL_ENABLE_DEBUG_INFO = YES;
				ONLY_ACTIVE_ARCH = YES;
				SDKROOT = iphoneos;
			};
			name = Debug;
		};
		C5052C351C5A48130002B214 /* Release */ = {
			isa = XCBuildConfiguration;
			buildSettings = {
				ALWAYS_SEARCH_USER_PATHS = NO;
				CLANG_CXX_LANGUAGE_STANDARD = "gnu++0x";
				CLANG_CXX_LIBRARY = "libc++";
				CLANG_ENABLE_MODULES = YES;
				CLANG_ENABLE_OBJC_ARC = YES;
				CLANG_WARN_BOOL_CONVERSION = YES;
				CLANG_WARN_CONSTANT_CONVERSION = YES;
				CLANG_WARN_DIRECT_OBJC_ISA_USAGE = YES_ERROR;
				CLANG_WARN_EMPTY_BODY = YES;
				CLANG_WARN_ENUM_CONVERSION = YES;
				CLANG_WARN_INT_CONVERSION = YES;
				CLANG_WARN_OBJC_ROOT_CLASS = YES_ERROR;
				CLANG_WARN_UNREACHABLE_CODE = YES;
				CLANG_WARN__DUPLICATE_METHOD_MATCH = YES;
				"CODE_SIGN_IDENTITY[sdk=iphoneos*]" = "iPhone Developer";
				COPY_PHASE_STRIP = NO;
				DEBUG_INFORMATION_FORMAT = "dwarf-with-dsym";
				ENABLE_NS_ASSERTIONS = NO;
				ENABLE_STRICT_OBJC_MSGSEND = YES;
				GCC_C_LANGUAGE_STANDARD = gnu99;
				GCC_NO_COMMON_BLOCKS = YES;
				GCC_PREFIX_HEADER = KSProjectUI/KSPrefixHeader.pch;
				GCC_WARN_64_TO_32_BIT_CONVERSION = YES;
				GCC_WARN_ABOUT_RETURN_TYPE = YES_ERROR;
				GCC_WARN_SHADOW = YES;
				GCC_WARN_UNDECLARED_SELECTOR = YES;
				GCC_WARN_UNINITIALIZED_AUTOS = YES_AGGRESSIVE;
				GCC_WARN_UNUSED_FUNCTION = YES;
				GCC_WARN_UNUSED_VARIABLE = YES;
				IPHONEOS_DEPLOYMENT_TARGET = 9.2;
				MTL_ENABLE_DEBUG_INFO = NO;
				SDKROOT = iphoneos;
				VALIDATE_PRODUCT = YES;
			};
			name = Release;
		};
		C5052C371C5A48130002B214 /* Debug */ = {
			isa = XCBuildConfiguration;
			buildSettings = {
				ASSETCATALOG_COMPILER_APPICON_NAME = AppIcon;
				CODE_SIGN_IDENTITY = "iPhone Developer";
				INFOPLIST_FILE = KSProjectUI/Info.plist;
				IPHONEOS_DEPLOYMENT_TARGET = 8.4;
				LD_RUNPATH_SEARCH_PATHS = "$(inherited) @executable_path/Frameworks";
				PRODUCT_BUNDLE_IDENTIFIER = bla.KSProjectUI;
				PRODUCT_NAME = "$(TARGET_NAME)";
			};
			name = Debug;
		};
		C5052C381C5A48130002B214 /* Release */ = {
			isa = XCBuildConfiguration;
			buildSettings = {
				ASSETCATALOG_COMPILER_APPICON_NAME = AppIcon;
				CODE_SIGN_IDENTITY = "iPhone Developer";
				INFOPLIST_FILE = KSProjectUI/Info.plist;
				IPHONEOS_DEPLOYMENT_TARGET = 8.4;
				LD_RUNPATH_SEARCH_PATHS = "$(inherited) @executable_path/Frameworks";
				PRODUCT_BUNDLE_IDENTIFIER = bla.KSProjectUI;
				PRODUCT_NAME = "$(TARGET_NAME)";
			};
			name = Release;
		};
/* End XCBuildConfiguration section */

/* Begin XCConfigurationList section */
		C5052C1A1C5A48130002B214 /* Build configuration list for PBXProject "KSProjectUI" */ = {
			isa = XCConfigurationList;
			buildConfigurations = (
				C5052C341C5A48130002B214 /* Debug */,
				C5052C351C5A48130002B214 /* Release */,
			);
			defaultConfigurationIsVisible = 0;
			defaultConfigurationName = Release;
		};
		C5052C361C5A48130002B214 /* Build configuration list for PBXNativeTarget "KSProjectUI" */ = {
			isa = XCConfigurationList;
			buildConfigurations = (
				C5052C371C5A48130002B214 /* Debug */,
				C5052C381C5A48130002B214 /* Release */,
			);
			defaultConfigurationIsVisible = 0;
			defaultConfigurationName = Release;
		};
/* End XCConfigurationList section */
	};
	rootObject = C5052C171C5A48130002B214 /* Project object */;
}
