// !$*UTF8*$!
{
	archiveVersion = 1;
	classes = {
	};
	objectVersion = 46;
	objects = {

/* Begin PBXBuildFile section */
		C5C1315B1C0C7000006A88A1 /* KSCreatureTests.m in Sources */ = {isa = PBXBuildFile; fileRef = C5C1315A1C0C7000006A88A1 /* KSCreatureTests.m */; };
		C5C1315F1C0C703E006A88A1 /* KSStringCategoryTests.m in Sources */ = {isa = PBXBuildFile; fileRef = C5C1315E1C0C703E006A88A1 /* KSStringCategoryTests.m */; };
		C5C131621C0DE6A5006A88A1 /* KSAlphabet.m in Sources */ = {isa = PBXBuildFile; fileRef = C5C131611C0DE6A5006A88A1 /* KSAlphabet.m */; };
		C5C131661C0F33DC006A88A1 /* KSRangeAlphabet.m in Sources */ = {isa = PBXBuildFile; fileRef = C5C131651C0F33DC006A88A1 /* KSRangeAlphabet.m */; };
		C5C131691C0F33F8006A88A1 /* KSClusterAlphabet.m in Sources */ = {isa = PBXBuildFile; fileRef = C5C131681C0F33F8006A88A1 /* KSClusterAlphabet.m */; };
		C5C1316C1C0F340E006A88A1 /* KSStringsAlphabet.m in Sources */ = {isa = PBXBuildFile; fileRef = C5C1316B1C0F340E006A88A1 /* KSStringsAlphabet.m */; };
		C5C314341C04748700AE4D3C /* main.m in Sources */ = {isa = PBXBuildFile; fileRef = C5C3142C1C04748700AE4D3C /* main.m */; };
		C5C314351C04748700AE4D3C /* KSCreature.m in Sources */ = {isa = PBXBuildFile; fileRef = C5C314301C04748700AE4D3C /* KSCreature.m */; };
		C5C314781C0474B000AE4D3C /* main.c in Sources */ = {isa = PBXBuildFile; fileRef = C5C314381C0474B000AE4D3C /* main.c */; };
		C5C314791C0474B000AE4D3C /* KSArray.c in Sources */ = {isa = PBXBuildFile; fileRef = C5C3143B1C0474B000AE4D3C /* KSArray.c */; };
		C5C3147A1C0474B000AE4D3C /* KSCheckValueAndPrint.c in Sources */ = {isa = PBXBuildFile; fileRef = C5C3143E1C0474B000AE4D3C /* KSCheckValueAndPrint.c */; };
		C5C3147B1C0474B000AE4D3C /* KSDynamicArray.c in Sources */ = {isa = PBXBuildFile; fileRef = C5C314431C0474B000AE4D3C /* KSDynamicArray.c */; };
		C5C3147C1C0474B000AE4D3C /* KSHuman.c in Sources */ = {isa = PBXBuildFile; fileRef = C5C314461C0474B000AE4D3C /* KSHuman.c */; };
		C5C3147D1C0474B000AE4D3C /* KSLinkedList.c in Sources */ = {isa = PBXBuildFile; fileRef = C5C314491C0474B000AE4D3C /* KSLinkedList.c */; };
		C5C3147E1C0474B000AE4D3C /* KSLinkedListEnumerator.c in Sources */ = {isa = PBXBuildFile; fileRef = C5C3144C1C0474B000AE4D3C /* KSLinkedListEnumerator.c */; };
		C5C3147F1C0474B000AE4D3C /* KSLinkedListNode.c in Sources */ = {isa = PBXBuildFile; fileRef = C5C314501C0474B000AE4D3C /* KSLinkedListNode.c */; };
		C5C314801C0474B000AE4D3C /* KSObject.c in Sources */ = {isa = PBXBuildFile; fileRef = C5C314571C0474B000AE4D3C /* KSObject.c */; };
		C5C314811C0474B000AE4D3C /* KSString.c in Sources */ = {isa = PBXBuildFile; fileRef = C5C3145A1C0474B000AE4D3C /* KSString.c */; };
		C5C314821C0474B000AE4D3C /* KSStructure.c in Sources */ = {isa = PBXBuildFile; fileRef = C5C3145D1C0474B000AE4D3C /* KSStructure.c */; };
		C5C314831C0474B000AE4D3C /* KSTypeRepresentationInBinary.c in Sources */ = {isa = PBXBuildFile; fileRef = C5C314601C0474B000AE4D3C /* KSTypeRepresentationInBinary.c */; };
		C5C314841C0474B000AE4D3C /* KSCheckValueAndPrintTests.c in Sources */ = {isa = PBXBuildFile; fileRef = C5C314641C0474B000AE4D3C /* KSCheckValueAndPrintTests.c */; };
		C5C314851C0474B000AE4D3C /* KSDataTypesTests.c in Sources */ = {isa = PBXBuildFile; fileRef = C5C314671C0474B000AE4D3C /* KSDataTypesTests.c */; };
		C5C314861C0474B000AE4D3C /* KSHumanTests.c in Sources */ = {isa = PBXBuildFile; fileRef = C5C3146A1C0474B000AE4D3C /* KSHumanTests.c */; };
		C5C314871C0474B000AE4D3C /* KSLinkedListTests.c in Sources */ = {isa = PBXBuildFile; fileRef = C5C3146D1C0474B000AE4D3C /* KSLinkedListTests.c */; };
		C5C314881C0474B000AE4D3C /* KSPrimitiveTypeTests.c in Sources */ = {isa = PBXBuildFile; fileRef = C5C314701C0474B000AE4D3C /* KSPrimitiveTypeTests.c */; };
		C5C314891C0474B000AE4D3C /* KSStructureTests.c in Sources */ = {isa = PBXBuildFile; fileRef = C5C314731C0474B000AE4D3C /* KSStructureTests.c */; };
		C5C3148A1C0474B000AE4D3C /* KSTypeRepresentationInBinaryTests.c in Sources */ = {isa = PBXBuildFile; fileRef = C5C314761C0474B000AE4D3C /* KSTypeRepresentationInBinaryTests.c */; };
		C5C314911C048D1D00AE4D3C /* KSMan.m in Sources */ = {isa = PBXBuildFile; fileRef = C5C314901C048D1D00AE4D3C /* KSMan.m */; };
		C5C314941C048D3A00AE4D3C /* KSWoman.m in Sources */ = {isa = PBXBuildFile; fileRef = C5C314931C048D3A00AE4D3C /* KSWoman.m */; };
		C5C314A01C07495900AE4D3C /* KSStringCategories.m in Sources */ = {isa = PBXBuildFile; fileRef = C5C3149F1C07495900AE4D3C /* KSStringCategories.m */; };
		C5C314A41C0873F200AE4D3C /* CategoryForNSObject.m in Sources */ = {isa = PBXBuildFile; fileRef = C5C314A31C0873F200AE4D3C /* CategoryForNSObject.m */; };
/* End PBXBuildFile section */

/* Begin PBXCopyFilesBuildPhase section */
		C5C9E1081BFF1D6500590391 /* CopyFiles */ = {
			isa = PBXCopyFilesBuildPhase;
			buildActionMask = 2147483647;
			dstPath = /usr/share/man/man1/;
			dstSubfolderSpec = 0;
			files = (
			);
			runOnlyForDeploymentPostprocessing = 1;
		};
		C5D2058E1BAA0327003C2465 /* CopyFiles */ = {
			isa = PBXCopyFilesBuildPhase;
			buildActionMask = 2147483647;
			dstPath = /usr/share/man/man1/;
			dstSubfolderSpec = 0;
			files = (
			);
			runOnlyForDeploymentPostprocessing = 1;
		};
/* End PBXCopyFilesBuildPhase section */

/* Begin PBXFileReference section */
		C5C131591C0C7000006A88A1 /* KSCreatureTests.h */ = {isa = PBXFileReference; fileEncoding = 4; lastKnownFileType = sourcecode.c.h; path = KSCreatureTests.h; sourceTree = "<group>"; };
		C5C1315A1C0C7000006A88A1 /* KSCreatureTests.m */ = {isa = PBXFileReference; fileEncoding = 4; lastKnownFileType = sourcecode.c.objc; path = KSCreatureTests.m; sourceTree = "<group>"; };
		C5C1315D1C0C703E006A88A1 /* KSStringCategoryTests.h */ = {isa = PBXFileReference; fileEncoding = 4; lastKnownFileType = sourcecode.c.h; name = KSStringCategoryTests.h; path = KSStringCategoryTests/KSStringCategoryTests.h; sourceTree = "<group>"; };
		C5C1315E1C0C703E006A88A1 /* KSStringCategoryTests.m */ = {isa = PBXFileReference; fileEncoding = 4; lastKnownFileType = sourcecode.c.objc; name = KSStringCategoryTests.m; path = KSStringCategoryTests/KSStringCategoryTests.m; sourceTree = "<group>"; };
		C5C131601C0DE6A5006A88A1 /* KSAlphabet.h */ = {isa = PBXFileReference; fileEncoding = 4; lastKnownFileType = sourcecode.c.h; path = KSAlphabet.h; sourceTree = "<group>"; };
		C5C131611C0DE6A5006A88A1 /* KSAlphabet.m */ = {isa = PBXFileReference; fileEncoding = 4; lastKnownFileType = sourcecode.c.objc; path = KSAlphabet.m; sourceTree = "<group>"; };
		C5C131641C0F33DC006A88A1 /* KSRangeAlphabet.h */ = {isa = PBXFileReference; fileEncoding = 4; lastKnownFileType = sourcecode.c.h; name = KSRangeAlphabet.h; path = Private/KSRangeAlphabet.h; sourceTree = "<group>"; };
		C5C131651C0F33DC006A88A1 /* KSRangeAlphabet.m */ = {isa = PBXFileReference; fileEncoding = 4; lastKnownFileType = sourcecode.c.objc; name = KSRangeAlphabet.m; path = Private/KSRangeAlphabet.m; sourceTree = "<group>"; };
		C5C131671C0F33F8006A88A1 /* KSClusterAlphabet.h */ = {isa = PBXFileReference; fileEncoding = 4; lastKnownFileType = sourcecode.c.h; name = KSClusterAlphabet.h; path = Private/KSClusterAlphabet.h; sourceTree = "<group>"; };
		C5C131681C0F33F8006A88A1 /* KSClusterAlphabet.m */ = {isa = PBXFileReference; fileEncoding = 4; lastKnownFileType = sourcecode.c.objc; name = KSClusterAlphabet.m; path = Private/KSClusterAlphabet.m; sourceTree = "<group>"; };
		C5C1316A1C0F340E006A88A1 /* KSStringsAlphabet.h */ = {isa = PBXFileReference; fileEncoding = 4; lastKnownFileType = sourcecode.c.h; name = KSStringsAlphabet.h; path = Private/KSStringsAlphabet.h; sourceTree = "<group>"; };
		C5C1316B1C0F340E006A88A1 /* KSStringsAlphabet.m */ = {isa = PBXFileReference; fileEncoding = 4; lastKnownFileType = sourcecode.c.objc; name = KSStringsAlphabet.m; path = Private/KSStringsAlphabet.m; sourceTree = "<group>"; };
		C5C3142C1C04748700AE4D3C /* main.m */ = {isa = PBXFileReference; fileEncoding = 4; lastKnownFileType = sourcecode.c.objc; path = main.m; sourceTree = "<group>"; };
		C5C3142F1C04748700AE4D3C /* KSCreature.h */ = {isa = PBXFileReference; fileEncoding = 4; lastKnownFileType = sourcecode.c.h; path = KSCreature.h; sourceTree = "<group>"; };
		C5C314301C04748700AE4D3C /* KSCreature.m */ = {isa = PBXFileReference; fileEncoding = 4; lastKnownFileType = sourcecode.c.objc; path = KSCreature.m; sourceTree = "<group>"; };
		C5C314381C0474B000AE4D3C /* main.c */ = {isa = PBXFileReference; fileEncoding = 4; lastKnownFileType = sourcecode.c.c; path = main.c; sourceTree = "<group>"; };
		C5C3143B1C0474B000AE4D3C /* KSArray.c */ = {isa = PBXFileReference; fileEncoding = 4; lastKnownFileType = sourcecode.c.c; path = KSArray.c; sourceTree = "<group>"; };
		C5C3143C1C0474B000AE4D3C /* KSArray.h */ = {isa = PBXFileReference; fileEncoding = 4; lastKnownFileType = sourcecode.c.h; path = KSArray.h; sourceTree = "<group>"; };
		C5C3143E1C0474B000AE4D3C /* KSCheckValueAndPrint.c */ = {isa = PBXFileReference; fileEncoding = 4; lastKnownFileType = sourcecode.c.c; path = KSCheckValueAndPrint.c; sourceTree = "<group>"; };
		C5C3143F1C0474B000AE4D3C /* KSCheckValueAndPrint.h */ = {isa = PBXFileReference; fileEncoding = 4; lastKnownFileType = sourcecode.c.h; path = KSCheckValueAndPrint.h; sourceTree = "<group>"; };
		C5C314411C0474B000AE4D3C /* KSDataTypes.h */ = {isa = PBXFileReference; fileEncoding = 4; lastKnownFileType = sourcecode.c.h; path = KSDataTypes.h; sourceTree = "<group>"; };
		C5C314431C0474B000AE4D3C /* KSDynamicArray.c */ = {isa = PBXFileReference; fileEncoding = 4; lastKnownFileType = sourcecode.c.c; path = KSDynamicArray.c; sourceTree = "<group>"; };
		C5C314441C0474B000AE4D3C /* KSDynamicArray.h */ = {isa = PBXFileReference; fileEncoding = 4; lastKnownFileType = sourcecode.c.h; path = KSDynamicArray.h; sourceTree = "<group>"; };
		C5C314461C0474B000AE4D3C /* KSHuman.c */ = {isa = PBXFileReference; fileEncoding = 4; lastKnownFileType = sourcecode.c.c; path = KSHuman.c; sourceTree = "<group>"; };
		C5C314471C0474B000AE4D3C /* KSHuman.h */ = {isa = PBXFileReference; fileEncoding = 4; lastKnownFileType = sourcecode.c.h; path = KSHuman.h; sourceTree = "<group>"; };
		C5C314491C0474B000AE4D3C /* KSLinkedList.c */ = {isa = PBXFileReference; fileEncoding = 4; lastKnownFileType = sourcecode.c.c; path = KSLinkedList.c; sourceTree = "<group>"; };
		C5C3144A1C0474B000AE4D3C /* KSLinkedList.h */ = {isa = PBXFileReference; fileEncoding = 4; lastKnownFileType = sourcecode.c.h; path = KSLinkedList.h; sourceTree = "<group>"; };
		C5C3144C1C0474B000AE4D3C /* KSLinkedListEnumerator.c */ = {isa = PBXFileReference; fileEncoding = 4; lastKnownFileType = sourcecode.c.c; path = KSLinkedListEnumerator.c; sourceTree = "<group>"; };
		C5C3144D1C0474B000AE4D3C /* KSLinkedListEnumerator.h */ = {isa = PBXFileReference; fileEncoding = 4; lastKnownFileType = sourcecode.c.h; path = KSLinkedListEnumerator.h; sourceTree = "<group>"; };
		C5C3144E1C0474B000AE4D3C /* KSLinkedListEnumeratorPrivate.h */ = {isa = PBXFileReference; fileEncoding = 4; lastKnownFileType = sourcecode.c.h; path = KSLinkedListEnumeratorPrivate.h; sourceTree = "<group>"; };
		C5C314501C0474B000AE4D3C /* KSLinkedListNode.c */ = {isa = PBXFileReference; fileEncoding = 4; lastKnownFileType = sourcecode.c.c; path = KSLinkedListNode.c; sourceTree = "<group>"; };
		C5C314511C0474B000AE4D3C /* KSLinkedListNode.h */ = {isa = PBXFileReference; fileEncoding = 4; lastKnownFileType = sourcecode.c.h; path = KSLinkedListNode.h; sourceTree = "<group>"; };
		C5C314521C0474B000AE4D3C /* KSLinkedListPrivate.h */ = {isa = PBXFileReference; fileEncoding = 4; lastKnownFileType = sourcecode.c.h; path = KSLinkedListPrivate.h; sourceTree = "<group>"; };
		C5C314531C0474B000AE4D3C /* KSMacros.h */ = {isa = PBXFileReference; fileEncoding = 4; lastKnownFileType = sourcecode.c.h; path = KSMacros.h; sourceTree = "<group>"; };
		C5C314551C0474B000AE4D3C /* KSMethodOfGeneratingAPrimitiveType.h */ = {isa = PBXFileReference; fileEncoding = 4; lastKnownFileType = sourcecode.c.h; path = KSMethodOfGeneratingAPrimitiveType.h; sourceTree = "<group>"; };
		C5C314571C0474B000AE4D3C /* KSObject.c */ = {isa = PBXFileReference; fileEncoding = 4; lastKnownFileType = sourcecode.c.c; path = KSObject.c; sourceTree = "<group>"; };
		C5C314581C0474B000AE4D3C /* KSObject.h */ = {isa = PBXFileReference; fileEncoding = 4; lastKnownFileType = sourcecode.c.h; path = KSObject.h; sourceTree = "<group>"; };
		C5C3145A1C0474B000AE4D3C /* KSString.c */ = {isa = PBXFileReference; fileEncoding = 4; lastKnownFileType = sourcecode.c.c; path = KSString.c; sourceTree = "<group>"; };
		C5C3145B1C0474B000AE4D3C /* KSString.h */ = {isa = PBXFileReference; fileEncoding = 4; lastKnownFileType = sourcecode.c.h; path = KSString.h; sourceTree = "<group>"; };
		C5C3145D1C0474B000AE4D3C /* KSStructure.c */ = {isa = PBXFileReference; fileEncoding = 4; lastKnownFileType = sourcecode.c.c; path = KSStructure.c; sourceTree = "<group>"; };
		C5C3145E1C0474B000AE4D3C /* KSStructure.h */ = {isa = PBXFileReference; fileEncoding = 4; lastKnownFileType = sourcecode.c.h; path = KSStructure.h; sourceTree = "<group>"; };
		C5C314601C0474B000AE4D3C /* KSTypeRepresentationInBinary.c */ = {isa = PBXFileReference; fileEncoding = 4; lastKnownFileType = sourcecode.c.c; path = KSTypeRepresentationInBinary.c; sourceTree = "<group>"; };
		C5C314611C0474B000AE4D3C /* KSTypeRepresentationInBinary.h */ = {isa = PBXFileReference; fileEncoding = 4; lastKnownFileType = sourcecode.c.h; path = KSTypeRepresentationInBinary.h; sourceTree = "<group>"; };
		C5C314641C0474B000AE4D3C /* KSCheckValueAndPrintTests.c */ = {isa = PBXFileReference; fileEncoding = 4; lastKnownFileType = sourcecode.c.c; path = KSCheckValueAndPrintTests.c; sourceTree = "<group>"; };
		C5C314651C0474B000AE4D3C /* KSCheckValueAndPrintTests.h */ = {isa = PBXFileReference; fileEncoding = 4; lastKnownFileType = sourcecode.c.h; path = KSCheckValueAndPrintTests.h; sourceTree = "<group>"; };
		C5C314671C0474B000AE4D3C /* KSDataTypesTests.c */ = {isa = PBXFileReference; fileEncoding = 4; lastKnownFileType = sourcecode.c.c; path = KSDataTypesTests.c; sourceTree = "<group>"; };
		C5C314681C0474B000AE4D3C /* KSDataTypesTests.h */ = {isa = PBXFileReference; fileEncoding = 4; lastKnownFileType = sourcecode.c.h; path = KSDataTypesTests.h; sourceTree = "<group>"; };
		C5C3146A1C0474B000AE4D3C /* KSHumanTests.c */ = {isa = PBXFileReference; fileEncoding = 4; lastKnownFileType = sourcecode.c.c; path = KSHumanTests.c; sourceTree = "<group>"; };
		C5C3146B1C0474B000AE4D3C /* KSHumanTests.h */ = {isa = PBXFileReference; fileEncoding = 4; lastKnownFileType = sourcecode.c.h; path = KSHumanTests.h; sourceTree = "<group>"; };
		C5C3146D1C0474B000AE4D3C /* KSLinkedListTests.c */ = {isa = PBXFileReference; fileEncoding = 4; lastKnownFileType = sourcecode.c.c; path = KSLinkedListTests.c; sourceTree = "<group>"; };
		C5C3146E1C0474B000AE4D3C /* KSLinkedListTests.h */ = {isa = PBXFileReference; fileEncoding = 4; lastKnownFileType = sourcecode.c.h; path = KSLinkedListTests.h; sourceTree = "<group>"; };
		C5C314701C0474B000AE4D3C /* KSPrimitiveTypeTests.c */ = {isa = PBXFileReference; fileEncoding = 4; lastKnownFileType = sourcecode.c.c; path = KSPrimitiveTypeTests.c; sourceTree = "<group>"; };
		C5C314711C0474B000AE4D3C /* KSPrimitiveTypeTests.h */ = {isa = PBXFileReference; fileEncoding = 4; lastKnownFileType = sourcecode.c.h; path = KSPrimitiveTypeTests.h; sourceTree = "<group>"; };
		C5C314731C0474B000AE4D3C /* KSStructureTests.c */ = {isa = PBXFileReference; fileEncoding = 4; lastKnownFileType = sourcecode.c.c; path = KSStructureTests.c; sourceTree = "<group>"; };
		C5C314741C0474B000AE4D3C /* KSStructureTests.h */ = {isa = PBXFileReference; fileEncoding = 4; lastKnownFileType = sourcecode.c.h; path = KSStructureTests.h; sourceTree = "<group>"; };
		C5C314761C0474B000AE4D3C /* KSTypeRepresentationInBinaryTests.c */ = {isa = PBXFileReference; fileEncoding = 4; lastKnownFileType = sourcecode.c.c; path = KSTypeRepresentationInBinaryTests.c; sourceTree = "<group>"; };
		C5C314771C0474B000AE4D3C /* KSTypeRepresentationInBinaryTests.h */ = {isa = PBXFileReference; fileEncoding = 4; lastKnownFileType = sourcecode.c.h; path = KSTypeRepresentationInBinaryTests.h; sourceTree = "<group>"; };
		C5C3148B1C0485A500AE4D3C /* KSCreatureProtocol.h */ = {isa = PBXFileReference; lastKnownFileType = sourcecode.c.h; path = KSCreatureProtocol.h; sourceTree = "<group>"; };
		C5C3148F1C048D1D00AE4D3C /* KSMan.h */ = {isa = PBXFileReference; fileEncoding = 4; lastKnownFileType = sourcecode.c.h; path = KSMan.h; sourceTree = "<group>"; };
		C5C314901C048D1D00AE4D3C /* KSMan.m */ = {isa = PBXFileReference; fileEncoding = 4; lastKnownFileType = sourcecode.c.objc; path = KSMan.m; sourceTree = "<group>"; };
		C5C314921C048D3A00AE4D3C /* KSWoman.h */ = {isa = PBXFileReference; fileEncoding = 4; lastKnownFileType = sourcecode.c.h; path = KSWoman.h; sourceTree = "<group>"; };
		C5C314931C048D3A00AE4D3C /* KSWoman.m */ = {isa = PBXFileReference; fileEncoding = 4; lastKnownFileType = sourcecode.c.objc; path = KSWoman.m; sourceTree = "<group>"; };
		C5C3149E1C07495900AE4D3C /* KSStringCategories.h */ = {isa = PBXFileReference; fileEncoding = 4; lastKnownFileType = sourcecode.c.h; path = KSStringCategories.h; sourceTree = "<group>"; };
		C5C3149F1C07495900AE4D3C /* KSStringCategories.m */ = {isa = PBXFileReference; fileEncoding = 4; lastKnownFileType = sourcecode.c.objc; path = KSStringCategories.m; sourceTree = "<group>"; };
		C5C314A21C0873F200AE4D3C /* CategoryForNSObject.h */ = {isa = PBXFileReference; fileEncoding = 4; lastKnownFileType = sourcecode.c.h; path = CategoryForNSObject.h; sourceTree = "<group>"; };
		C5C314A31C0873F200AE4D3C /* CategoryForNSObject.m */ = {isa = PBXFileReference; fileEncoding = 4; lastKnownFileType = sourcecode.c.objc; path = CategoryForNSObject.m; sourceTree = "<group>"; };
		C5C9E10A1BFF1D6500590391 /* ObjectiveC */ = {isa = PBXFileReference; explicitFileType = "compiled.mach-o.executable"; includeInIndex = 0; path = ObjectiveC; sourceTree = BUILT_PRODUCTS_DIR; };
		C5D205901BAA0327003C2465 /* LearningDevelop */ = {isa = PBXFileReference; explicitFileType = "compiled.mach-o.executable"; includeInIndex = 0; path = LearningDevelop; sourceTree = BUILT_PRODUCTS_DIR; };
/* End PBXFileReference section */

/* Begin PBXFrameworksBuildPhase section */
		C5C9E1071BFF1D6500590391 /* Frameworks */ = {
			isa = PBXFrameworksBuildPhase;
			buildActionMask = 2147483647;
			files = (
			);
			runOnlyForDeploymentPostprocessing = 0;
		};
		C5D2058D1BAA0327003C2465 /* Frameworks */ = {
			isa = PBXFrameworksBuildPhase;
			buildActionMask = 2147483647;
			files = (
			);
			runOnlyForDeploymentPostprocessing = 0;
		};
/* End PBXFrameworksBuildPhase section */

/* Begin PBXGroup section */
		C5C131581C0C6F97006A88A1 /* KSCreatureTests */ = {
			isa = PBXGroup;
			children = (
				C5C131591C0C7000006A88A1 /* KSCreatureTests.h */,
				C5C1315A1C0C7000006A88A1 /* KSCreatureTests.m */,
			);
			path = KSCreatureTests;
			sourceTree = "<group>";
		};
		C5C1315C1C0C700C006A88A1 /* KSStringCategoryTests */ = {
			isa = PBXGroup;
			children = (
				C5C1315D1C0C703E006A88A1 /* KSStringCategoryTests.h */,
				C5C1315E1C0C703E006A88A1 /* KSStringCategoryTests.m */,
			);
			name = KSStringCategoryTests;
			sourceTree = "<group>";
		};
		C5C131631C0F33AC006A88A1 /* Private */ = {
			isa = PBXGroup;
			children = (
				C5C131641C0F33DC006A88A1 /* KSRangeAlphabet.h */,
				C5C131651C0F33DC006A88A1 /* KSRangeAlphabet.m */,
				C5C131671C0F33F8006A88A1 /* KSClusterAlphabet.h */,
				C5C131681C0F33F8006A88A1 /* KSClusterAlphabet.m */,
				C5C1316A1C0F340E006A88A1 /* KSStringsAlphabet.h */,
				C5C1316B1C0F340E006A88A1 /* KSStringsAlphabet.m */,
			);
			name = Private;
			sourceTree = "<group>";
		};
		C5C3142B1C04748700AE4D3C /* ObjectiveC */ = {
			isa = PBXGroup;
			children = (
				C5C3142C1C04748700AE4D3C /* main.m */,
				C5C3142D1C04748700AE4D3C /* Sources */,
				C5C314311C04748700AE4D3C /* Tests */,
			);
			name = ObjectiveC;
			path = LearningDevelop/ObjectiveC;
			sourceTree = SOURCE_ROOT;
		};
		C5C3142D1C04748700AE4D3C /* Sources */ = {
			isa = PBXGroup;
			children = (
				C5C314A11C08729300AE4D3C /* ExtensionsForNSObject */,
				C5C3149D1C0748D400AE4D3C /* KSStringCategories */,
				C5C3142E1C04748700AE4D3C /* KSCreature */,
			);
			path = Sources;
			sourceTree = "<group>";
		};
		C5C3142E1C04748700AE4D3C /* KSCreature */ = {
			isa = PBXGroup;
			children = (
				C5C3148E1C048C8400AE4D3C /* KSWoman */,
				C5C3148D1C048C7200AE4D3C /* KSMan */,
				C5C3142F1C04748700AE4D3C /* KSCreature.h */,
				C5C314301C04748700AE4D3C /* KSCreature.m */,
				C5C3148B1C0485A500AE4D3C /* KSCreatureProtocol.h */,
			);
			path = KSCreature;
			sourceTree = "<group>";
		};
		C5C314311C04748700AE4D3C /* Tests */ = {
			isa = PBXGroup;
			children = (
				C5C1315C1C0C700C006A88A1 /* KSStringCategoryTests */,
				C5C131581C0C6F97006A88A1 /* KSCreatureTests */,
			);
			path = Tests;
			sourceTree = "<group>";
		};
		C5C314371C0474B000AE4D3C /* C */ = {
			isa = PBXGroup;
			children = (
				C5C314381C0474B000AE4D3C /* main.c */,
				C5C314391C0474B000AE4D3C /* Sources */,
				C5C314621C0474B000AE4D3C /* Tests */,
			);
			name = C;
			path = LearningDevelop/C;
			sourceTree = SOURCE_ROOT;
		};
		C5C314391C0474B000AE4D3C /* Sources */ = {
			isa = PBXGroup;
			children = (
				C5C3143A1C0474B000AE4D3C /* KSArray */,
				C5C3143D1C0474B000AE4D3C /* KSCheckValueAndPrint */,
				C5C314401C0474B000AE4D3C /* KSDataTypes */,
				C5C314421C0474B000AE4D3C /* KSDynamicArray */,
				C5C314451C0474B000AE4D3C /* KSHuman */,
				C5C314481C0474B000AE4D3C /* KSLinkedList */,
				C5C314531C0474B000AE4D3C /* KSMacros.h */,
				C5C314541C0474B000AE4D3C /* KSMethodOfGeneratingAPrimitiveType */,
				C5C314561C0474B000AE4D3C /* KSObject */,
				C5C314591C0474B000AE4D3C /* KSString */,
				C5C3145C1C0474B000AE4D3C /* KSStructure */,
				C5C3145F1C0474B000AE4D3C /* KSTypeRepresentationInBinary */,
			);
			path = Sources;
			sourceTree = "<group>";
		};
		C5C3143A1C0474B000AE4D3C /* KSArray */ = {
			isa = PBXGroup;
			children = (
				C5C3143B1C0474B000AE4D3C /* KSArray.c */,
				C5C3143C1C0474B000AE4D3C /* KSArray.h */,
			);
			path = KSArray;
			sourceTree = "<group>";
		};
		C5C3143D1C0474B000AE4D3C /* KSCheckValueAndPrint */ = {
			isa = PBXGroup;
			children = (
				C5C3143E1C0474B000AE4D3C /* KSCheckValueAndPrint.c */,
				C5C3143F1C0474B000AE4D3C /* KSCheckValueAndPrint.h */,
			);
			path = KSCheckValueAndPrint;
			sourceTree = "<group>";
		};
		C5C314401C0474B000AE4D3C /* KSDataTypes */ = {
			isa = PBXGroup;
			children = (
				C5C314411C0474B000AE4D3C /* KSDataTypes.h */,
			);
			path = KSDataTypes;
			sourceTree = "<group>";
		};
		C5C314421C0474B000AE4D3C /* KSDynamicArray */ = {
			isa = PBXGroup;
			children = (
				C5C314431C0474B000AE4D3C /* KSDynamicArray.c */,
				C5C314441C0474B000AE4D3C /* KSDynamicArray.h */,
			);
			path = KSDynamicArray;
			sourceTree = "<group>";
		};
		C5C314451C0474B000AE4D3C /* KSHuman */ = {
			isa = PBXGroup;
			children = (
				C5C314461C0474B000AE4D3C /* KSHuman.c */,
				C5C314471C0474B000AE4D3C /* KSHuman.h */,
			);
			path = KSHuman;
			sourceTree = "<group>";
		};
		C5C314481C0474B000AE4D3C /* KSLinkedList */ = {
			isa = PBXGroup;
			children = (
				C5C314491C0474B000AE4D3C /* KSLinkedList.c */,
				C5C3144A1C0474B000AE4D3C /* KSLinkedList.h */,
				C5C3144B1C0474B000AE4D3C /* KSLinkedListEnumerator */,
				C5C3144F1C0474B000AE4D3C /* KSLinkedListNode */,
				C5C314521C0474B000AE4D3C /* KSLinkedListPrivate.h */,
			);
			path = KSLinkedList;
			sourceTree = "<group>";
		};
		C5C3144B1C0474B000AE4D3C /* KSLinkedListEnumerator */ = {
			isa = PBXGroup;
			children = (
				C5C3144C1C0474B000AE4D3C /* KSLinkedListEnumerator.c */,
				C5C3144D1C0474B000AE4D3C /* KSLinkedListEnumerator.h */,
				C5C3144E1C0474B000AE4D3C /* KSLinkedListEnumeratorPrivate.h */,
			);
			path = KSLinkedListEnumerator;
			sourceTree = "<group>";
		};
		C5C3144F1C0474B000AE4D3C /* KSLinkedListNode */ = {
			isa = PBXGroup;
			children = (
				C5C314501C0474B000AE4D3C /* KSLinkedListNode.c */,
				C5C314511C0474B000AE4D3C /* KSLinkedListNode.h */,
			);
			path = KSLinkedListNode;
			sourceTree = "<group>";
		};
		C5C314541C0474B000AE4D3C /* KSMethodOfGeneratingAPrimitiveType */ = {
			isa = PBXGroup;
			children = (
				C5C314551C0474B000AE4D3C /* KSMethodOfGeneratingAPrimitiveType.h */,
			);
			path = KSMethodOfGeneratingAPrimitiveType;
			sourceTree = "<group>";
		};
		C5C314561C0474B000AE4D3C /* KSObject */ = {
			isa = PBXGroup;
			children = (
				C5C314571C0474B000AE4D3C /* KSObject.c */,
				C5C314581C0474B000AE4D3C /* KSObject.h */,
			);
			path = KSObject;
			sourceTree = "<group>";
		};
		C5C314591C0474B000AE4D3C /* KSString */ = {
			isa = PBXGroup;
			children = (
				C5C3145A1C0474B000AE4D3C /* KSString.c */,
				C5C3145B1C0474B000AE4D3C /* KSString.h */,
			);
			path = KSString;
			sourceTree = "<group>";
		};
		C5C3145C1C0474B000AE4D3C /* KSStructure */ = {
			isa = PBXGroup;
			children = (
				C5C3145D1C0474B000AE4D3C /* KSStructure.c */,
				C5C3145E1C0474B000AE4D3C /* KSStructure.h */,
			);
			path = KSStructure;
			sourceTree = "<group>";
		};
		C5C3145F1C0474B000AE4D3C /* KSTypeRepresentationInBinary */ = {
			isa = PBXGroup;
			children = (
				C5C314601C0474B000AE4D3C /* KSTypeRepresentationInBinary.c */,
				C5C314611C0474B000AE4D3C /* KSTypeRepresentationInBinary.h */,
			);
			path = KSTypeRepresentationInBinary;
			sourceTree = "<group>";
		};
		C5C314621C0474B000AE4D3C /* Tests */ = {
			isa = PBXGroup;
			children = (
				C5C314631C0474B000AE4D3C /* KSCheckValueAndPrintTests */,
				C5C314661C0474B000AE4D3C /* KSDataTypesTests */,
				C5C314691C0474B000AE4D3C /* KSHumanTests */,
				C5C3146C1C0474B000AE4D3C /* KSLinkedListTests */,
				C5C3146F1C0474B000AE4D3C /* KSPrimitiveTypeTests */,
				C5C314721C0474B000AE4D3C /* KSStructureTests */,
				C5C314751C0474B000AE4D3C /* KSTypeRepresentationInBinaryTests */,
			);
			path = Tests;
			sourceTree = "<group>";
		};
		C5C314631C0474B000AE4D3C /* KSCheckValueAndPrintTests */ = {
			isa = PBXGroup;
			children = (
				C5C314641C0474B000AE4D3C /* KSCheckValueAndPrintTests.c */,
				C5C314651C0474B000AE4D3C /* KSCheckValueAndPrintTests.h */,
			);
			path = KSCheckValueAndPrintTests;
			sourceTree = "<group>";
		};
		C5C314661C0474B000AE4D3C /* KSDataTypesTests */ = {
			isa = PBXGroup;
			children = (
				C5C314671C0474B000AE4D3C /* KSDataTypesTests.c */,
				C5C314681C0474B000AE4D3C /* KSDataTypesTests.h */,
			);
			path = KSDataTypesTests;
			sourceTree = "<group>";
		};
		C5C314691C0474B000AE4D3C /* KSHumanTests */ = {
			isa = PBXGroup;
			children = (
				C5C3146A1C0474B000AE4D3C /* KSHumanTests.c */,
				C5C3146B1C0474B000AE4D3C /* KSHumanTests.h */,
			);
			path = KSHumanTests;
			sourceTree = "<group>";
		};
		C5C3146C1C0474B000AE4D3C /* KSLinkedListTests */ = {
			isa = PBXGroup;
			children = (
				C5C3146D1C0474B000AE4D3C /* KSLinkedListTests.c */,
				C5C3146E1C0474B000AE4D3C /* KSLinkedListTests.h */,
			);
			path = KSLinkedListTests;
			sourceTree = "<group>";
		};
		C5C3146F1C0474B000AE4D3C /* KSPrimitiveTypeTests */ = {
			isa = PBXGroup;
			children = (
				C5C314701C0474B000AE4D3C /* KSPrimitiveTypeTests.c */,
				C5C314711C0474B000AE4D3C /* KSPrimitiveTypeTests.h */,
			);
			path = KSPrimitiveTypeTests;
			sourceTree = "<group>";
		};
		C5C314721C0474B000AE4D3C /* KSStructureTests */ = {
			isa = PBXGroup;
			children = (
				C5C314731C0474B000AE4D3C /* KSStructureTests.c */,
				C5C314741C0474B000AE4D3C /* KSStructureTests.h */,
			);
			path = KSStructureTests;
			sourceTree = "<group>";
		};
		C5C314751C0474B000AE4D3C /* KSTypeRepresentationInBinaryTests */ = {
			isa = PBXGroup;
			children = (
				C5C314761C0474B000AE4D3C /* KSTypeRepresentationInBinaryTests.c */,
				C5C314771C0474B000AE4D3C /* KSTypeRepresentationInBinaryTests.h */,
			);
			path = KSTypeRepresentationInBinaryTests;
			sourceTree = "<group>";
		};
		C5C3148D1C048C7200AE4D3C /* KSMan */ = {
			isa = PBXGroup;
			children = (
				C5C3148F1C048D1D00AE4D3C /* KSMan.h */,
				C5C314901C048D1D00AE4D3C /* KSMan.m */,
			);
			path = KSMan;
			sourceTree = "<group>";
		};
		C5C3148E1C048C8400AE4D3C /* KSWoman */ = {
			isa = PBXGroup;
			children = (
				C5C314921C048D3A00AE4D3C /* KSWoman.h */,
				C5C314931C048D3A00AE4D3C /* KSWoman.m */,
			);
			path = KSWoman;
			sourceTree = "<group>";
		};
		C5C3149D1C0748D400AE4D3C /* KSStringCategories */ = {
			isa = PBXGroup;
			children = (
				C5C131631C0F33AC006A88A1 /* Private */,
				C5C3149E1C07495900AE4D3C /* KSStringCategories.h */,
				C5C3149F1C07495900AE4D3C /* KSStringCategories.m */,
				C5C131601C0DE6A5006A88A1 /* KSAlphabet.h */,
				C5C131611C0DE6A5006A88A1 /* KSAlphabet.m */,
			);
			path = KSStringCategories;
			sourceTree = "<group>";
		};
		C5C314A11C08729300AE4D3C /* ExtensionsForNSObject */ = {
			isa = PBXGroup;
			children = (
				C5C314A21C0873F200AE4D3C /* CategoryForNSObject.h */,
				C5C314A31C0873F200AE4D3C /* CategoryForNSObject.m */,
			);
			name = ExtensionsForNSObject;
			path = CategoryForNSObject;
			sourceTree = "<group>";
		};
		C5D205871BAA0327003C2465 = {
			isa = PBXGroup;
			children = (
				C5D205921BAA0327003C2465 /* LearningDevelop */,
				C5D205911BAA0327003C2465 /* Products */,
			);
			sourceTree = "<group>";
		};
		C5D205911BAA0327003C2465 /* Products */ = {
			isa = PBXGroup;
			children = (
				C5D205901BAA0327003C2465 /* LearningDevelop */,
				C5C9E10A1BFF1D6500590391 /* ObjectiveC */,
			);
			name = Products;
			sourceTree = "<group>";
		};
		C5D205921BAA0327003C2465 /* LearningDevelop */ = {
			isa = PBXGroup;
			children = (
				C5C3142B1C04748700AE4D3C /* ObjectiveC */,
				C5C314371C0474B000AE4D3C /* C */,
			);
			name = LearningDevelop;
			path = LerningDevelop;
			sourceTree = "<group>";
		};
/* End PBXGroup section */

/* Begin PBXNativeTarget section */
		C5C9E1091BFF1D6500590391 /* ObjectiveC */ = {
			isa = PBXNativeTarget;
			buildConfigurationList = C5C9E1101BFF1D6500590391 /* Build configuration list for PBXNativeTarget "ObjectiveC" */;
			buildPhases = (
				C5C9E1061BFF1D6500590391 /* Sources */,
				C5C9E1071BFF1D6500590391 /* Frameworks */,
				C5C9E1081BFF1D6500590391 /* CopyFiles */,
			);
			buildRules = (
			);
			dependencies = (
			);
			name = ObjectiveC;
			productName = ObjectiveC;
			productReference = C5C9E10A1BFF1D6500590391 /* ObjectiveC */;
			productType = "com.apple.product-type.tool";
		};
		C5D2058F1BAA0327003C2465 /* LearningDevelop */ = {
			isa = PBXNativeTarget;
			buildConfigurationList = C5D205971BAA0327003C2465 /* Build configuration list for PBXNativeTarget "LearningDevelop" */;
			buildPhases = (
				C5D2058C1BAA0327003C2465 /* Sources */,
				C5D2058D1BAA0327003C2465 /* Frameworks */,
				C5D2058E1BAA0327003C2465 /* CopyFiles */,
			);
			buildRules = (
			);
			dependencies = (
			);
			name = LearningDevelop;
			productName = LerningCPart1;
			productReference = C5D205901BAA0327003C2465 /* LearningDevelop */;
			productType = "com.apple.product-type.tool";
		};
/* End PBXNativeTarget section */

/* Begin PBXProject section */
		C5D205881BAA0327003C2465 /* Project object */ = {
			isa = PBXProject;
			attributes = {
				LastUpgradeCheck = 0700;
				ORGANIZATIONNAME = "Serg Bla";
				TargetAttributes = {
					C5C9E1091BFF1D6500590391 = {
						CreatedOnToolsVersion = 7.1.1;
					};
					C5D2058F1BAA0327003C2465 = {
						CreatedOnToolsVersion = 6.4;
					};
				};
			};
			buildConfigurationList = C5D2058B1BAA0327003C2465 /* Build configuration list for PBXProject "LearningDevelop" */;
			compatibilityVersion = "Xcode 3.2";
			developmentRegion = English;
			hasScannedForEncodings = 0;
			knownRegions = (
				en,
			);
			mainGroup = C5D205871BAA0327003C2465;
			productRefGroup = C5D205911BAA0327003C2465 /* Products */;
			projectDirPath = "";
			projectRoot = "";
			targets = (
				C5C9E1091BFF1D6500590391 /* ObjectiveC */,
				C5D2058F1BAA0327003C2465 /* LearningDevelop */,
			);
		};
/* End PBXProject section */

/* Begin PBXSourcesBuildPhase section */
		C5C9E1061BFF1D6500590391 /* Sources */ = {
			isa = PBXSourcesBuildPhase;
			buildActionMask = 2147483647;
			files = (
				C5C131691C0F33F8006A88A1 /* KSClusterAlphabet.m in Sources */,
				C5C1315F1C0C703E006A88A1 /* KSStringCategoryTests.m in Sources */,
				C5C314A01C07495900AE4D3C /* KSStringCategories.m in Sources */,
				C5C314911C048D1D00AE4D3C /* KSMan.m in Sources */,
				C5C314351C04748700AE4D3C /* KSCreature.m in Sources */,
				C5C314341C04748700AE4D3C /* main.m in Sources */,
				C5C131621C0DE6A5006A88A1 /* KSAlphabet.m in Sources */,
				C5C1316C1C0F340E006A88A1 /* KSStringsAlphabet.m in Sources */,
				C5C131661C0F33DC006A88A1 /* KSRangeAlphabet.m in Sources */,
				C5C1315B1C0C7000006A88A1 /* KSCreatureTests.m in Sources */,
				C5C314941C048D3A00AE4D3C /* KSWoman.m in Sources */,
				C5C314A41C0873F200AE4D3C /* CategoryForNSObject.m in Sources */,
			);
			runOnlyForDeploymentPostprocessing = 0;
		};
		C5D2058C1BAA0327003C2465 /* Sources */ = {
			isa = PBXSourcesBuildPhase;
			buildActionMask = 2147483647;
			files = (
				C5C3147A1C0474B000AE4D3C /* KSCheckValueAndPrint.c in Sources */,
				C5C314781C0474B000AE4D3C /* main.c in Sources */,
				C5C3148A1C0474B000AE4D3C /* KSTypeRepresentationInBinaryTests.c in Sources */,
				C5C3147F1C0474B000AE4D3C /* KSLinkedListNode.c in Sources */,
				C5C314891C0474B000AE4D3C /* KSStructureTests.c in Sources */,
				C5C3147D1C0474B000AE4D3C /* KSLinkedList.c in Sources */,
				C5C314791C0474B000AE4D3C /* KSArray.c in Sources */,
				C5C314861C0474B000AE4D3C /* KSHumanTests.c in Sources */,
				C5C3147B1C0474B000AE4D3C /* KSDynamicArray.c in Sources */,
				C5C314831C0474B000AE4D3C /* KSTypeRepresentationInBinary.c in Sources */,
				C5C314871C0474B000AE4D3C /* KSLinkedListTests.c in Sources */,
				C5C314851C0474B000AE4D3C /* KSDataTypesTests.c in Sources */,
				C5C314841C0474B000AE4D3C /* KSCheckValueAndPrintTests.c in Sources */,
				C5C314811C0474B000AE4D3C /* KSString.c in Sources */,
				C5C3147E1C0474B000AE4D3C /* KSLinkedListEnumerator.c in Sources */,
				C5C3147C1C0474B000AE4D3C /* KSHuman.c in Sources */,
				C5C314801C0474B000AE4D3C /* KSObject.c in Sources */,
				C5C314881C0474B000AE4D3C /* KSPrimitiveTypeTests.c in Sources */,
				C5C314821C0474B000AE4D3C /* KSStructure.c in Sources */,
			);
			runOnlyForDeploymentPostprocessing = 0;
		};
/* End PBXSourcesBuildPhase section */

/* Begin XCBuildConfiguration section */
		C5C9E10E1BFF1D6500590391 /* Debug */ = {
			isa = XCBuildConfiguration;
			buildSettings = {
				CLANG_ENABLE_OBJC_ARC = NO;
				CODE_SIGN_IDENTITY = "-";
				MACOSX_DEPLOYMENT_TARGET = 10.11;
				PRODUCT_NAME = "$(TARGET_NAME)";
			};
			name = Debug;
		};
		C5C9E10F1BFF1D6500590391 /* Release */ = {
			isa = XCBuildConfiguration;
			buildSettings = {
				CLANG_ENABLE_OBJC_ARC = NO;
				CODE_SIGN_IDENTITY = "-";
				MACOSX_DEPLOYMENT_TARGET = 10.11;
				PRODUCT_NAME = "$(TARGET_NAME)";
			};
			name = Release;
		};
		C5D205951BAA0327003C2465 /* Debug */ = {
			isa = XCBuildConfiguration;
			buildSettings = {
				ALWAYS_SEARCH_USER_PATHS = NO;
				CLANG_CXX_LANGUAGE_STANDARD = "gnu++0x";
				CLANG_CXX_LIBRARY = "libc++";
				CLANG_ENABLE_MODULES = YES;
				CLANG_ENABLE_OBJC_ARC = YES;
				CLANG_WARN_BOOL_CONVERSION = YES;
				CLANG_WARN_CONSTANT_CONVERSION = YES;
				CLANG_WARN_DIRECT_OBJC_ISA_USAGE = YES_ERROR;
				CLANG_WARN_EMPTY_BODY = YES;
				CLANG_WARN_ENUM_CONVERSION = YES;
				CLANG_WARN_INT_CONVERSION = YES;
				CLANG_WARN_OBJC_ROOT_CLASS = YES_ERROR;
				CLANG_WARN_UNREACHABLE_CODE = YES;
				CLANG_WARN__DUPLICATE_METHOD_MATCH = YES;
				COPY_PHASE_STRIP = NO;
				DEBUG_INFORMATION_FORMAT = dwarf;
				ENABLE_STRICT_OBJC_MSGSEND = YES;
				ENABLE_TESTABILITY = YES;
				GCC_C_LANGUAGE_STANDARD = gnu99;
				GCC_DYNAMIC_NO_PIC = NO;
				GCC_NO_COMMON_BLOCKS = YES;
				GCC_OPTIMIZATION_LEVEL = 0;
				GCC_PREPROCESSOR_DEFINITIONS = (
					"DEBUG=1",
					"$(inherited)",
				);
				GCC_SYMBOLS_PRIVATE_EXTERN = NO;
				GCC_WARN_64_TO_32_BIT_CONVERSION = YES;
				GCC_WARN_ABOUT_RETURN_TYPE = YES_ERROR;
				GCC_WARN_UNDECLARED_SELECTOR = YES;
				GCC_WARN_UNINITIALIZED_AUTOS = YES_AGGRESSIVE;
				GCC_WARN_UNUSED_FUNCTION = YES;
				GCC_WARN_UNUSED_VARIABLE = YES;
				MACOSX_DEPLOYMENT_TARGET = 10.10;
				MTL_ENABLE_DEBUG_INFO = YES;
				ONLY_ACTIVE_ARCH = YES;
				SDKROOT = macosx;
			};
			name = Debug;
		};
		C5D205961BAA0327003C2465 /* Release */ = {
			isa = XCBuildConfiguration;
			buildSettings = {
				ALWAYS_SEARCH_USER_PATHS = NO;
				CLANG_CXX_LANGUAGE_STANDARD = "gnu++0x";
				CLANG_CXX_LIBRARY = "libc++";
				CLANG_ENABLE_MODULES = YES;
				CLANG_ENABLE_OBJC_ARC = YES;
				CLANG_WARN_BOOL_CONVERSION = YES;
				CLANG_WARN_CONSTANT_CONVERSION = YES;
				CLANG_WARN_DIRECT_OBJC_ISA_USAGE = YES_ERROR;
				CLANG_WARN_EMPTY_BODY = YES;
				CLANG_WARN_ENUM_CONVERSION = YES;
				CLANG_WARN_INT_CONVERSION = YES;
				CLANG_WARN_OBJC_ROOT_CLASS = YES_ERROR;
				CLANG_WARN_UNREACHABLE_CODE = YES;
				CLANG_WARN__DUPLICATE_METHOD_MATCH = YES;
				COPY_PHASE_STRIP = NO;
				DEBUG_INFORMATION_FORMAT = "dwarf-with-dsym";
				ENABLE_NS_ASSERTIONS = NO;
				ENABLE_STRICT_OBJC_MSGSEND = YES;
				GCC_C_LANGUAGE_STANDARD = gnu99;
				GCC_NO_COMMON_BLOCKS = YES;
				GCC_WARN_64_TO_32_BIT_CONVERSION = YES;
				GCC_WARN_ABOUT_RETURN_TYPE = YES_ERROR;
				GCC_WARN_UNDECLARED_SELECTOR = YES;
				GCC_WARN_UNINITIALIZED_AUTOS = YES_AGGRESSIVE;
				GCC_WARN_UNUSED_FUNCTION = YES;
				GCC_WARN_UNUSED_VARIABLE = YES;
				MACOSX_DEPLOYMENT_TARGET = 10.10;
				MTL_ENABLE_DEBUG_INFO = NO;
				SDKROOT = macosx;
			};
			name = Release;
		};
		C5D205981BAA0327003C2465 /* Debug */ = {
			isa = XCBuildConfiguration;
			buildSettings = {
				CLANG_ENABLE_OBJC_ARC = NO;
				PRODUCT_NAME = LearningDevelop;
			};
			name = Debug;
		};
		C5D205991BAA0327003C2465 /* Release */ = {
			isa = XCBuildConfiguration;
			buildSettings = {
				CLANG_ENABLE_OBJC_ARC = NO;
				PRODUCT_NAME = LearningDevelop;
			};
			name = Release;
		};
/* End XCBuildConfiguration section */

/* Begin XCConfigurationList section */
		C5C9E1101BFF1D6500590391 /* Build configuration list for PBXNativeTarget "ObjectiveC" */ = {
			isa = XCConfigurationList;
			buildConfigurations = (
				C5C9E10E1BFF1D6500590391 /* Debug */,
				C5C9E10F1BFF1D6500590391 /* Release */,
			);
			defaultConfigurationIsVisible = 0;
			defaultConfigurationName = Release;
		};
		C5D2058B1BAA0327003C2465 /* Build configuration list for PBXProject "LearningDevelop" */ = {
			isa = XCConfigurationList;
			buildConfigurations = (
				C5D205951BAA0327003C2465 /* Debug */,
				C5D205961BAA0327003C2465 /* Release */,
			);
			defaultConfigurationIsVisible = 0;
			defaultConfigurationName = Release;
		};
		C5D205971BAA0327003C2465 /* Build configuration list for PBXNativeTarget "LearningDevelop" */ = {
			isa = XCConfigurationList;
			buildConfigurations = (
				C5D205981BAA0327003C2465 /* Debug */,
				C5D205991BAA0327003C2465 /* Release */,
			);
			defaultConfigurationIsVisible = 0;
			defaultConfigurationName = Release;
		};
/* End XCConfigurationList section */
	};
	rootObject = C5D205881BAA0327003C2465 /* Project object */;
}
